
Microsoft Visual Studio Solution File, Format Version 12.00
# Visual Studio 14
VisualStudioVersion = 14.0.25420.1
MinimumVisualStudioVersion = 10.0.40219.1
Project("{FAE04EC0-301F-11D3-BF4B-00C04F79EFBC}") = "Adopt-CSharp", "Adopt-CSharp\Adopt-CSharp.csproj", "{139695A6-5E77-4EF9-AC77-712E1B2389D9}"
	ProjectSection(ProjectDependencies) = postProject
		{E9E440D9-D151-4F54-85DA-AAD867FBED61} = {E9E440D9-D151-4F54-85DA-AAD867FBED61}
	EndProjectSection
EndProject
Project("{FAE04EC0-301F-11D3-BF4B-00C04F79EFBC}") = "MaterialSkin", "MaterialSkin\MaterialSkin.csproj", "{E9E440D9-D151-4F54-85DA-AAD867FBED61}"
EndProject
Global
	GlobalSection(SolutionConfigurationPlatforms) = preSolution
		Debug|Any CPU = Debug|Any CPU
		Release|Any CPU = Release|Any CPU
	EndGlobalSection
	GlobalSection(ProjectConfigurationPlatforms) = postSolution
		{139695A6-5E77-4EF9-AC77-712E1B2389D9}.Debug|Any CPU.ActiveCfg = Debug|Any CPU
		{139695A6-5E77-4EF9-AC77-712E1B2389D9}.Debug|Any CPU.Build.0 = Debug|Any CPU
		{139695A6-5E77-4EF9-AC77-712E1B2389D9}.Release|Any CPU.ActiveCfg = Release|Any CPU
		{139695A6-5E77-4EF9-AC77-712E1B2389D9}.Release|Any CPU.Build.0 = Release|Any CPU
		{E9E440D9-D151-4F54-85DA-AAD867FBED61}.Debug|Any CPU.ActiveCfg = Debug|Any CPU
		{E9E440D9-D151-4F54-85DA-AAD867FBED61}.Debug|Any CPU.Build.0 = Debug|Any CPU
		{E9E440D9-D151-4F54-85DA-AAD867FBED61}.Release|Any CPU.ActiveCfg = Release|Any CPU
		{E9E440D9-D151-4F54-85DA-AAD867FBED61}.Release|Any CPU.Build.0 = Release|Any CPU
	EndGlobalSection
	GlobalSection(SolutionProperties) = preSolution
		HideSolutionNode = FALSE
	EndGlobalSection
EndGlobal
